# This file is autogenerated, do not edit; changes may be undone by the next 'dep ensure'.


[[projects]]
  name = "github.com/go-chi/chi"
  packages = [".","middleware"]
  revision = "25354a53cca531cb2efd3f1d3c565d90ff04d802"
  version = "v3.1.5"

[[projects]]
  name = "github.com/go-redis/redis"
  packages = [".","internal","internal/consistenthash","internal/hashtag","internal/pool","internal/proto"]
  revision = "19c1c2272e00c1aaa903cf574c746cd449f9cd3c"
  version = "v6.5.7"

[[projects]]
  name = "github.com/kelseyhightower/envconfig"
  packages = ["."]
  revision = "f611eb38b3875cc3bd991ca91c51d06446afa14c"
  version = "v1.3.0"

[[projects]]
  name = "github.com/speps/go-hashids"
  packages = ["."]
  revision = "d1d57a886aa7e3ef6092b70ceab077e35ee8e0ce"
  version = "v1.0.0"

[solve-meta]
  analyzer-name = "dep"
  analyzer-version = 1
  inputs-digest = "714d2b1d725929bb3efd640b17cfc85af458db9961441a5056fd40ca2a0c8330"
  solver-name = "gps-cdcl"
  solver-version = 1
